
Microsoft Visual Studio Solution File, Format Version 12.00
# Visual Studio Version 17
VisualStudioVersion = 17.8.34511.84
MinimumVisualStudioVersion = 10.0.40219.1
Project("{FAE04EC0-301F-11D3-BF4B-00C04F79EFBC}") = "ConsoleApp1", "ConsoleApp1\ConsoleApp1.csproj", "{0AB1F39E-DFE3-44A3-BC95-468A2FB740E9}"
EndProject
Global
	GlobalSection(SolutionConfigurationPlatforms) = preSolution
		Debug|Any CPU = Debug|Any CPU
		Release|Any CPU = Release|Any CPU
	EndGlobalSection
	GlobalSection(ProjectConfigurationPlatforms) = postSolution
		{0AB1F39E-DFE3-44A3-BC95-468A2FB740E9}.Debug|Any CPU.ActiveCfg = Debug|Any CPU
		{0AB1F39E-DFE3-44A3-BC95-468A2FB740E9}.Debug|Any CPU.Build.0 = Debug|Any CPU
		{0AB1F39E-DFE3-44A3-BC95-468A2FB740E9}.Release|Any CPU.ActiveCfg = Release|Any CPU
		{0AB1F39E-DFE3-44A3-BC95-468A2FB740E9}.Release|Any CPU.Build.0 = Release|Any CPU
	EndGlobalSection
	GlobalSection(SolutionProperties) = preSolution
		HideSolutionNode = FALSE
	EndGlobalSection
	GlobalSection(ExtensibilityGlobals) = postSolution
		SolutionGuid = {74AD27AD-F8D9-4851-B6FB-C115149677B6}
	EndGlobalSection
EndGlobal
